{
  "version": 4,
  "terraform_version": "1.5.5",
  "serial": 22,
  "lineage": "62b982bd-4a92-4679-3888-c32b68d8093c",
  "outputs": {},
  "resources": [
    {
      "module": "module.sandbox",
      "mode": "data",
      "type": "archive_file",
      "name": "zip_the_python_code",
      "provider": "provider[\"registry.terraform.io/hashicorp/archive\"]",
      "instances": [
        {
          "schema_version": 0,
          "attributes": {
            "exclude_symlink_directories": null,
            "excludes": null,
            "id": "bb6eb3ce071d0015074761ea513b036e2d9015f1",
            "output_base64sha256": "GrTj9UtJBfoOjpYA1uvtt/nwyiZNN4nzOjZ3MlhhFfg=",
            "output_base64sha512": "Nn7TuxIJGCcTrepUHRLcxQScNMC9bpfs5VC/DDajG9QMihHASlNa7higFIxEwfeWdsgRSYgduA6oP53e3VcNhA==",
            "output_file_mode": null,
            "output_md5": "1aa595c6cbeb95f887862119662502ae",
            "output_path": "./python/hello-python.zip",
            "output_sha": "bb6eb3ce071d0015074761ea513b036e2d9015f1",
            "output_sha256": "1ab4e3f54b4905fa0e8e9600d6ebedb7f9f0ca264d3789f33a367732586115f8",
            "output_sha512": "367ed3bb1209182713adea541d12dcc5049c34c0bd6e97ece550bf0c36a31bd40c8a11c04a535aee18a0148c44c1f79676c81149881db80ea83f9ddedd570d84",
            "output_size": 151,
            "source": [],
            "source_content": null,
            "source_content_filename": null,
            "source_dir": "./python/",
            "source_file": null,
            "type": "zip"
          },
          "sensitive_attributes": []
        }
      ]
    },
    {
      "module": "module.sandbox",
      "mode": "data",
      "type": "aws_subnet",
      "name": "demo",
      "provider": "module.sandbox.provider[\"registry.terraform.io/hashicorp/aws\"]",
      "instances": [
        {
          "schema_version": 0,
          "attributes": {
            "arn": "arn:aws:ec2:eu-central-1:012325023816:subnet/subnet-068c0754e854f864b",
            "assign_ipv6_address_on_creation": false,
            "availability_zone": "eu-central-1c",
            "availability_zone_id": "euc1-az1",
            "available_ip_address_count": 251,
            "cidr_block": "172.31.255.0/24",
            "customer_owned_ipv4_pool": "",
            "default_for_az": false,
            "enable_dns64": false,
            "enable_lni_at_device_index": 0,
            "enable_resource_name_dns_a_record_on_launch": false,
            "enable_resource_name_dns_aaaa_record_on_launch": false,
            "filter": null,
            "id": "subnet-068c0754e854f864b",
            "ipv6_cidr_block": "",
            "ipv6_cidr_block_association_id": "",
            "ipv6_native": false,
            "map_customer_owned_ip_on_launch": false,
            "map_public_ip_on_launch": false,
            "outpost_arn": "",
            "owner_id": "012325023816",
            "private_dns_hostname_type_on_launch": "ip-name",
            "state": "available",
            "tags": {
              "Name": "demo"
            },
            "timeouts": null,
            "vpc_id": "vpc-03353d7fffe7c4cac"
          },
          "sensitive_attributes": []
        }
      ]
    },
    {
      "module": "module.sandbox",
      "mode": "managed",
      "type": "aws_iam_policy",
      "name": "iam_policy_for_lambda",
      "provider": "module.sandbox.provider[\"registry.terraform.io/hashicorp/aws\"]",
      "instances": [
        {
          "schema_version": 0,
          "attributes": {
            "arn": "arn:aws:iam::012325023816:policy/aws_iam_policy_L",
            "description": "AWS IAM Policy for managing aws lambda role",
            "id": "arn:aws:iam::012325023816:policy/aws_iam_policy_L",
            "name": "aws_iam_policy_L",
            "name_prefix": "",
            "path": "/",
            "policy": "{\"Statement\":[{\"Action\":[\"logs:CreateLogGroup\",\"logs:CreateLogStream\",\"logs:PutLogEvents\"],\"Effect\":\"Allow\",\"Resource\":\"arn:aws:logs:*:*:*\"}],\"Version\":\"2012-10-17\"}",
            "policy_id": "ANPAQFXVA6BEMEFZQC3U4",
            "tags": {},
            "tags_all": {}
          },
          "sensitive_attributes": [],
          "private": "bnVsbA=="
        }
      ]
    },
    {
      "module": "module.sandbox",
      "mode": "managed",
      "type": "aws_iam_role",
      "name": "lambda_role",
      "provider": "module.sandbox.provider[\"registry.terraform.io/hashicorp/aws\"]",
      "instances": [
        {
          "schema_version": 0,
          "attributes": {
            "arn": "arn:aws:iam::012325023816:role/prowiz_Iam_role",
            "assume_role_policy": "{\"Statement\":[{\"Action\":\"sts:AssumeRole\",\"Effect\":\"Allow\",\"Principal\":{\"Service\":\"lambda.amazonaws.com\"},\"Sid\":\"\"}],\"Version\":\"2012-10-17\"}",
            "create_date": "2023-10-13T06:27:36Z",
            "description": "",
            "force_detach_policies": false,
            "id": "prowiz_Iam_role",
            "inline_policy": [],
            "managed_policy_arns": [
              "arn:aws:iam::012325023816:policy/aws_iam_policy_L"
            ],
            "max_session_duration": 3600,
            "name": "prowiz_Iam_role",
            "name_prefix": "",
            "path": "/",
            "permissions_boundary": null,
            "tags": {},
            "tags_all": {},
            "unique_id": "AROAQFXVA6BEO3RC3LSBT"
          },
          "sensitive_attributes": [],
          "private": "bnVsbA=="
        }
      ]
    },
    {
      "module": "module.sandbox",
      "mode": "managed",
      "type": "aws_iam_role_policy_attachment",
      "name": "attach_iam_policy_to_iam_role",
      "provider": "module.sandbox.provider[\"registry.terraform.io/hashicorp/aws\"]",
      "instances": [
        {
          "schema_version": 0,
          "attributes": {
            "id": "prowiz_Iam_role-20231013063623703800000001",
            "policy_arn": "arn:aws:iam::012325023816:policy/aws_iam_policy_L",
            "role": "prowiz_Iam_role"
          },
          "sensitive_attributes": [],
          "private": "bnVsbA==",
          "dependencies": [
            "module.sandbox.aws_iam_policy.iam_policy_for_lambda",
            "module.sandbox.aws_iam_role.lambda_role"
          ]
        }
      ]
    },
    {
      "module": "module.sandbox",
      "mode": "managed",
      "type": "aws_s3_bucket",
      "name": "sandbox",
      "provider": "module.sandbox.provider[\"registry.terraform.io/hashicorp/aws\"]",
      "instances": [
        {
          "schema_version": 0,
          "attributes": {
            "acceleration_status": "",
            "acl": null,
            "arn": "arn:aws:s3:::prowiz-bucket-sandbox",
            "bucket": "prowiz-bucket-sandbox",
            "bucket_domain_name": "prowiz-bucket-sandbox.s3.amazonaws.com",
            "bucket_prefix": "",
            "bucket_regional_domain_name": "prowiz-bucket-sandbox.s3.eu-central-1.amazonaws.com",
            "cors_rule": [],
            "force_destroy": false,
            "grant": [
              {
                "id": "a28bdbf4e09a435ea9502d265f6485233aa6f08b07cfae26f5e9ba37aced5277",
                "permissions": [
                  "FULL_CONTROL"
                ],
                "type": "CanonicalUser",
                "uri": ""
              }
            ],
            "hosted_zone_id": "Z21DNDUVLTQW6Q",
            "id": "prowiz-bucket-sandbox",
            "lifecycle_rule": [],
            "logging": [],
            "object_lock_configuration": [],
            "object_lock_enabled": false,
            "policy": "",
            "region": "eu-central-1",
            "replication_configuration": [],
            "request_payer": "BucketOwner",
            "server_side_encryption_configuration": [
              {
                "rule": [
                  {
                    "apply_server_side_encryption_by_default": [
                      {
                        "kms_master_key_id": "",
                        "sse_algorithm": "AES256"
                      }
                    ],
                    "bucket_key_enabled": false
                  }
                ]
              }
            ],
            "tags": {
              "Environment": "Dev",
              "Name": "My new bucket"
            },
            "tags_all": {
              "Environment": "Dev",
              "Name": "My new bucket"
            },
            "timeouts": null,
            "versioning": [
              {
                "enabled": false,
                "mfa_delete": false
              }
            ],
            "website": [],
            "website_domain": null,
            "website_endpoint": null
          },
          "sensitive_attributes": [],
          "private": "eyJlMmJmYjczMC1lY2FhLTExZTYtOGY4OC0zNDM2M2JjN2M0YzAiOnsiY3JlYXRlIjoxMjAwMDAwMDAwMDAwLCJkZWxldGUiOjM2MDAwMDAwMDAwMDAsInJlYWQiOjEyMDAwMDAwMDAwMDAsInVwZGF0ZSI6MTIwMDAwMDAwMDAwMH19"
        }
      ]
    }
  ],
  "check_results": null
}
